// !$*UTF8*$!
{
	archiveVersion = 1;
	classes = {
	};
	objectVersion = 55;
	objects = {

/* Begin PBXBuildFile section */
		040AE3BB29145ED400FE2C7E /* SDWebImage in Frameworks */ = {isa = PBXBuildFile; productRef = 040AE3BA29145ED400FE2C7E /* SDWebImage */; };
		040AE3BE291461B800FE2C7E /* ArrayExtension.swift in Sources */ = {isa = PBXBuildFile; fileRef = 040AE3BD291461B800FE2C7E /* ArrayExtension.swift */; };
		040AE3C329147F3000FE2C7E /* CuisineClassificationParams.swift in Sources */ = {isa = PBXBuildFile; fileRef = 040AE3C229147F3000FE2C7E /* CuisineClassificationParams.swift */; };
		041B06612918CD8900B692DC /* NutritionGuessParams.swift in Sources */ = {isa = PBXBuildFile; fileRef = 041B06602918CD8900B692DC /* NutritionGuessParams.swift */; };
		041B06632918D84100B692DC /* RecipeTableViewCell.swift in Sources */ = {isa = PBXBuildFile; fileRef = 041B06622918D84100B692DC /* RecipeTableViewCell.swift */; };
		041B06662918D8C800B692DC /* SearchErrorPresenter.swift in Sources */ = {isa = PBXBuildFile; fileRef = 041B06652918D8C800B692DC /* SearchErrorPresenter.swift */; };
		042E401D29196471003EF365 /* UIViewControllerExtension.swift in Sources */ = {isa = PBXBuildFile; fileRef = 042E401C29196470003EF365 /* UIViewControllerExtension.swift */; };
		04925656291401DD00B8CA59 /* GuessModel.swift in Sources */ = {isa = PBXBuildFile; fileRef = 04925655291401DD00B8CA59 /* GuessModel.swift */; };
		049256582914026D00B8CA59 /* SearchModel.swift in Sources */ = {isa = PBXBuildFile; fileRef = 049256572914026D00B8CA59 /* SearchModel.swift */; };
		0492565A291403CE00B8CA59 /* GetInfoModel.swift in Sources */ = {isa = PBXBuildFile; fileRef = 04925659291403CE00B8CA59 /* GetInfoModel.swift */; };
		0492565C291404CD00B8CA59 /* CuisineModel.swift in Sources */ = {isa = PBXBuildFile; fileRef = 0492565B291404CD00B8CA59 /* CuisineModel.swift */; };
		049256602914068300B8CA59 /* HomeScreenViewModel.swift in Sources */ = {isa = PBXBuildFile; fileRef = 0492565F2914068300B8CA59 /* HomeScreenViewModel.swift */; };
		04925664291406D400B8CA59 /* RecipeViewController.swift in Sources */ = {isa = PBXBuildFile; fileRef = 04925663291406D400B8CA59 /* RecipeViewController.swift */; };
		04925666291406E300B8CA59 /* RecipeViewModel.swift in Sources */ = {isa = PBXBuildFile; fileRef = 04925665291406E200B8CA59 /* RecipeViewModel.swift */; };
		049256682914073B00B8CA59 /* NutritionDetailsViewModel.swift in Sources */ = {isa = PBXBuildFile; fileRef = 049256672914073B00B8CA59 /* NutritionDetailsViewModel.swift */; };
		0492566A2914074700B8CA59 /* NutritionDetailsViewController.swift in Sources */ = {isa = PBXBuildFile; fileRef = 049256692914074700B8CA59 /* NutritionDetailsViewController.swift */; };
		04C4B8342911587A00551892 /* AppDelegate.swift in Sources */ = {isa = PBXBuildFile; fileRef = 04C4B8332911587A00551892 /* AppDelegate.swift */; };
		04C4B8362911587A00551892 /* SceneDelegate.swift in Sources */ = {isa = PBXBuildFile; fileRef = 04C4B8352911587A00551892 /* SceneDelegate.swift */; };
		04C4B8382911587A00551892 /* ViewController.swift in Sources */ = {isa = PBXBuildFile; fileRef = 04C4B8372911587A00551892 /* ViewController.swift */; };
		04C4B83B2911587A00551892 /* Main.storyboard in Resources */ = {isa = PBXBuildFile; fileRef = 04C4B8392911587A00551892 /* Main.storyboard */; };
		04C4B83D2911587C00551892 /* Assets.xcassets in Resources */ = {isa = PBXBuildFile; fileRef = 04C4B83C2911587C00551892 /* Assets.xcassets */; };
		04C4B8402911587C00551892 /* LaunchScreen.storyboard in Resources */ = {isa = PBXBuildFile; fileRef = 04C4B83E2911587C00551892 /* LaunchScreen.storyboard */; };
		04C4B84829115BDF00551892 /* NetworkRequestBodyConvertible.swift in Sources */ = {isa = PBXBuildFile; fileRef = 04C4B84729115BDF00551892 /* NetworkRequestBodyConvertible.swift */; };
		04C4B84B29115BFD00551892 /* Endpoint.swift in Sources */ = {isa = PBXBuildFile; fileRef = 04C4B84A29115BFD00551892 /* Endpoint.swift */; };
		04C4B85229115F6300551892 /* Result.swift in Sources */ = {isa = PBXBuildFile; fileRef = 04C4B85129115F6300551892 /* Result.swift */; };
		04C4B85429115F9000551892 /* Method.swift in Sources */ = {isa = PBXBuildFile; fileRef = 04C4B85329115F9000551892 /* Method.swift */; };
		04C4B85629115FBC00551892 /* NetworkError.swift in Sources */ = {isa = PBXBuildFile; fileRef = 04C4B85529115FBC00551892 /* NetworkError.swift */; };
		04C4B858291161A100551892 /* Network.swift in Sources */ = {isa = PBXBuildFile; fileRef = 04C4B857291161A100551892 /* Network.swift */; };
		04C4B85A291161B300551892 /* AlamoNetwork.swift in Sources */ = {isa = PBXBuildFile; fileRef = 04C4B859291161B300551892 /* AlamoNetwork.swift */; };
		04C4B85E2911620B00551892 /* RecipesEndpoint.swift in Sources */ = {isa = PBXBuildFile; fileRef = 04C4B85D2911620B00551892 /* RecipesEndpoint.swift */; };
		04C4B8662914271600551892 /* Alamofire in Frameworks */ = {isa = PBXBuildFile; productRef = 04C4B8652914271600551892 /* Alamofire */; };
		04C4B86A2914501000551892 /* RecipeSearchParams.swift in Sources */ = {isa = PBXBuildFile; fileRef = 04C4B8692914501000551892 /* RecipeSearchParams.swift */; };
/* End PBXBuildFile section */

/* Begin PBXFileReference section */
		040AE3BD291461B800FE2C7E /* ArrayExtension.swift */ = {isa = PBXFileReference; lastKnownFileType = sourcecode.swift; path = ArrayExtension.swift; sourceTree = "<group>"; };
		040AE3C229147F3000FE2C7E /* CuisineClassificationParams.swift */ = {isa = PBXFileReference; lastKnownFileType = sourcecode.swift; path = CuisineClassificationParams.swift; sourceTree = "<group>"; };
		041B06602918CD8900B692DC /* NutritionGuessParams.swift */ = {isa = PBXFileReference; lastKnownFileType = sourcecode.swift; path = NutritionGuessParams.swift; sourceTree = "<group>"; };
		041B06622918D84100B692DC /* RecipeTableViewCell.swift */ = {isa = PBXFileReference; fileEncoding = 4; lastKnownFileType = sourcecode.swift; path = RecipeTableViewCell.swift; sourceTree = "<group>"; };
		041B06652918D8C800B692DC /* SearchErrorPresenter.swift */ = {isa = PBXFileReference; lastKnownFileType = sourcecode.swift; path = SearchErrorPresenter.swift; sourceTree = "<group>"; };
		042E401C29196470003EF365 /* UIViewControllerExtension.swift */ = {isa = PBXFileReference; lastKnownFileType = sourcecode.swift; path = UIViewControllerExtension.swift; sourceTree = "<group>"; };
		04925655291401DD00B8CA59 /* GuessModel.swift */ = {isa = PBXFileReference; lastKnownFileType = sourcecode.swift; path = GuessModel.swift; sourceTree = "<group>"; };
		049256572914026D00B8CA59 /* SearchModel.swift */ = {isa = PBXFileReference; lastKnownFileType = sourcecode.swift; path = SearchModel.swift; sourceTree = "<group>"; };
		04925659291403CE00B8CA59 /* GetInfoModel.swift */ = {isa = PBXFileReference; lastKnownFileType = sourcecode.swift; path = GetInfoModel.swift; sourceTree = "<group>"; };
		0492565B291404CD00B8CA59 /* CuisineModel.swift */ = {isa = PBXFileReference; lastKnownFileType = sourcecode.swift; path = CuisineModel.swift; sourceTree = "<group>"; };
		0492565F2914068300B8CA59 /* HomeScreenViewModel.swift */ = {isa = PBXFileReference; lastKnownFileType = sourcecode.swift; path = HomeScreenViewModel.swift; sourceTree = "<group>"; };
		04925663291406D400B8CA59 /* RecipeViewController.swift */ = {isa = PBXFileReference; lastKnownFileType = sourcecode.swift; path = RecipeViewController.swift; sourceTree = "<group>"; };
		04925665291406E200B8CA59 /* RecipeViewModel.swift */ = {isa = PBXFileReference; lastKnownFileType = sourcecode.swift; path = RecipeViewModel.swift; sourceTree = "<group>"; };
		049256672914073B00B8CA59 /* NutritionDetailsViewModel.swift */ = {isa = PBXFileReference; lastKnownFileType = sourcecode.swift; path = NutritionDetailsViewModel.swift; sourceTree = "<group>"; };
		049256692914074700B8CA59 /* NutritionDetailsViewController.swift */ = {isa = PBXFileReference; lastKnownFileType = sourcecode.swift; path = NutritionDetailsViewController.swift; sourceTree = "<group>"; };
		04C4B8302911587A00551892 /* HW_Networking.app */ = {isa = PBXFileReference; explicitFileType = wrapper.application; includeInIndex = 0; path = HW_Networking.app; sourceTree = BUILT_PRODUCTS_DIR; };
		04C4B8332911587A00551892 /* AppDelegate.swift */ = {isa = PBXFileReference; lastKnownFileType = sourcecode.swift; path = AppDelegate.swift; sourceTree = "<group>"; };
		04C4B8352911587A00551892 /* SceneDelegate.swift */ = {isa = PBXFileReference; lastKnownFileType = sourcecode.swift; path = SceneDelegate.swift; sourceTree = "<group>"; };
		04C4B8372911587A00551892 /* ViewController.swift */ = {isa = PBXFileReference; lastKnownFileType = sourcecode.swift; path = ViewController.swift; sourceTree = "<group>"; };
		04C4B83A2911587A00551892 /* Base */ = {isa = PBXFileReference; lastKnownFileType = file.storyboard; name = Base; path = Base.lproj/Main.storyboard; sourceTree = "<group>"; };
		04C4B83C2911587C00551892 /* Assets.xcassets */ = {isa = PBXFileReference; lastKnownFileType = folder.assetcatalog; path = Assets.xcassets; sourceTree = "<group>"; };
		04C4B83F2911587C00551892 /* Base */ = {isa = PBXFileReference; lastKnownFileType = file.storyboard; name = Base; path = Base.lproj/LaunchScreen.storyboard; sourceTree = "<group>"; };
		04C4B8412911587C00551892 /* Info.plist */ = {isa = PBXFileReference; lastKnownFileType = text.plist.xml; path = Info.plist; sourceTree = "<group>"; };
		04C4B84729115BDF00551892 /* NetworkRequestBodyConvertible.swift */ = {isa = PBXFileReference; lastKnownFileType = sourcecode.swift; path = NetworkRequestBodyConvertible.swift; sourceTree = "<group>"; };
		04C4B84A29115BFD00551892 /* Endpoint.swift */ = {isa = PBXFileReference; lastKnownFileType = sourcecode.swift; path = Endpoint.swift; sourceTree = "<group>"; };
		04C4B85129115F6300551892 /* Result.swift */ = {isa = PBXFileReference; lastKnownFileType = sourcecode.swift; path = Result.swift; sourceTree = "<group>"; };
		04C4B85329115F9000551892 /* Method.swift */ = {isa = PBXFileReference; lastKnownFileType = sourcecode.swift; path = Method.swift; sourceTree = "<group>"; };
		04C4B85529115FBC00551892 /* NetworkError.swift */ = {isa = PBXFileReference; lastKnownFileType = sourcecode.swift; path = NetworkError.swift; sourceTree = "<group>"; };
		04C4B857291161A100551892 /* Network.swift */ = {isa = PBXFileReference; lastKnownFileType = sourcecode.swift; path = Network.swift; sourceTree = "<group>"; };
		04C4B859291161B300551892 /* AlamoNetwork.swift */ = {isa = PBXFileReference; lastKnownFileType = sourcecode.swift; path = AlamoNetwork.swift; sourceTree = "<group>"; };
		04C4B85D2911620B00551892 /* RecipesEndpoint.swift */ = {isa = PBXFileReference; lastKnownFileType = sourcecode.swift; path = RecipesEndpoint.swift; sourceTree = "<group>"; };
		04C4B8692914501000551892 /* RecipeSearchParams.swift */ = {isa = PBXFileReference; lastKnownFileType = sourcecode.swift; path = RecipeSearchParams.swift; sourceTree = "<group>"; };
/* End PBXFileReference section */

/* Begin PBXFrameworksBuildPhase section */
		04C4B82D2911587A00551892 /* Frameworks */ = {
			isa = PBXFrameworksBuildPhase;
			buildActionMask = 2147483647;
			files = (
				040AE3BB29145ED400FE2C7E /* SDWebImage in Frameworks */,
				04C4B8662914271600551892 /* Alamofire in Frameworks */,
			);
			runOnlyForDeploymentPostprocessing = 0;
		};
/* End PBXFrameworksBuildPhase section */

/* Begin PBXGroup section */
		040AE3BC291461A500FE2C7E /* Extensions */ = {
			isa = PBXGroup;
			children = (
				040AE3BD291461B800FE2C7E /* ArrayExtension.swift */,
				042E401C29196470003EF365 /* UIViewControllerExtension.swift */,
			);
			path = Extensions;
			sourceTree = "<group>";
		};
		040AE3C42914912B00FE2C7E /* Nutrition */ = {
			isa = PBXGroup;
			children = (
				0492565E2914065E00B8CA59 /* NutritionDetails */,
			);
			path = Nutrition;
			sourceTree = "<group>";
		};
		040AE3C52914914900FE2C7E /* Recipe */ = {
			isa = PBXGroup;
			children = (
				0492565D2914063F00B8CA59 /* RecipeDetails */,
			);
			path = Recipe;
			sourceTree = "<group>";
		};
		041B06642918D8B500B692DC /* Utilities */ = {
			isa = PBXGroup;
			children = (
				041B06652918D8C800B692DC /* SearchErrorPresenter.swift */,
			);
			path = Utilities;
			sourceTree = "<group>";
		};
		04925654291401A900B8CA59 /* Model */ = {
			isa = PBXGroup;
			children = (
				04925655291401DD00B8CA59 /* GuessModel.swift */,
				049256572914026D00B8CA59 /* SearchModel.swift */,
				04925659291403CE00B8CA59 /* GetInfoModel.swift */,
				0492565B291404CD00B8CA59 /* CuisineModel.swift */,
			);
			path = Model;
			sourceTree = "<group>";
		};
		0492565D2914063F00B8CA59 /* RecipeDetails */ = {
			isa = PBXGroup;
			children = (
				04925663291406D400B8CA59 /* RecipeViewController.swift */,
				04925665291406E200B8CA59 /* RecipeViewModel.swift */,
			);
			path = RecipeDetails;
			sourceTree = "<group>";
		};
		0492565E2914065E00B8CA59 /* NutritionDetails */ = {
			isa = PBXGroup;
			children = (
				049256672914073B00B8CA59 /* NutritionDetailsViewModel.swift */,
				049256692914074700B8CA59 /* NutritionDetailsViewController.swift */,
			);
			path = NutritionDetails;
			sourceTree = "<group>";
		};
		04C4B8272911587A00551892 = {
			isa = PBXGroup;
			children = (
				04C4B8322911587A00551892 /* HW_Networking */,
				04C4B8312911587A00551892 /* Products */,
			);
			sourceTree = "<group>";
		};
		04C4B8312911587A00551892 /* Products */ = {
			isa = PBXGroup;
			children = (
				04C4B8302911587A00551892 /* HW_Networking.app */,
			);
			name = Products;
			sourceTree = "<group>";
		};
		04C4B8322911587A00551892 /* HW_Networking */ = {
			isa = PBXGroup;
			children = (
				041B06642918D8B500B692DC /* Utilities */,
				040AE3BC291461A500FE2C7E /* Extensions */,
				040AE3C52914914900FE2C7E /* Recipe */,
				041B06622918D84100B692DC /* RecipeTableViewCell.swift */,
				040AE3C42914912B00FE2C7E /* Nutrition */,
				04925654291401A900B8CA59 /* Model */,
				04C4B85C291161ED00551892 /* NetworkingImpl */,
				04C4B84F29115F4100551892 /* Networking */,
				04C4B8332911587A00551892 /* AppDelegate.swift */,
				04C4B8352911587A00551892 /* SceneDelegate.swift */,
				04C4B8372911587A00551892 /* ViewController.swift */,
				0492565F2914068300B8CA59 /* HomeScreenViewModel.swift */,
				04C4B8392911587A00551892 /* Main.storyboard */,
				04C4B83C2911587C00551892 /* Assets.xcassets */,
				04C4B83E2911587C00551892 /* LaunchScreen.storyboard */,
				04C4B8412911587C00551892 /* Info.plist */,
			);
			path = HW_Networking;
			sourceTree = "<group>";
		};
		04C4B84929115BEE00551892 /* Protocols */ = {
			isa = PBXGroup;
			children = (
				04C4B84729115BDF00551892 /* NetworkRequestBodyConvertible.swift */,
				04C4B84A29115BFD00551892 /* Endpoint.swift */,
			);
			path = Protocols;
			sourceTree = "<group>";
		};
		04C4B84F29115F4100551892 /* Networking */ = {
			isa = PBXGroup;
			children = (
				04C4B85029115F5100551892 /* Model */,
				04C4B84929115BEE00551892 /* Protocols */,
				04C4B857291161A100551892 /* Network.swift */,
				04C4B859291161B300551892 /* AlamoNetwork.swift */,
			);
			path = Networking;
			sourceTree = "<group>";
		};
		04C4B85029115F5100551892 /* Model */ = {
			isa = PBXGroup;
			children = (
				04C4B85129115F6300551892 /* Result.swift */,
				04C4B85329115F9000551892 /* Method.swift */,
				04C4B85529115FBC00551892 /* NetworkError.swift */,
			);
			path = Model;
			sourceTree = "<group>";
		};
		04C4B85C291161ED00551892 /* NetworkingImpl */ = {
			isa = PBXGroup;
			children = (
				04C4B85D2911620B00551892 /* RecipesEndpoint.swift */,
				04C4B8692914501000551892 /* RecipeSearchParams.swift */,
				040AE3C229147F3000FE2C7E /* CuisineClassificationParams.swift */,
				041B06602918CD8900B692DC /* NutritionGuessParams.swift */,
			);
			path = NetworkingImpl;
			sourceTree = "<group>";
		};
/* End PBXGroup section */

/* Begin PBXNativeTarget section */
		04C4B82F2911587A00551892 /* HW_Networking */ = {
			isa = PBXNativeTarget;
			buildConfigurationList = 04C4B8442911587C00551892 /* Build configuration list for PBXNativeTarget "HW_Networking" */;
			buildPhases = (
				04C4B82C2911587A00551892 /* Sources */,
				04C4B82D2911587A00551892 /* Frameworks */,
				04C4B82E2911587A00551892 /* Resources */,
			);
			buildRules = (
			);
			dependencies = (
			);
			name = HW_Networking;
			packageProductDependencies = (
				04C4B8652914271600551892 /* Alamofire */,
				040AE3BA29145ED400FE2C7E /* SDWebImage */,
			);
			productName = HW_Networking;
			productReference = 04C4B8302911587A00551892 /* HW_Networking.app */;
			productType = "com.apple.product-type.application";
		};
/* End PBXNativeTarget section */

/* Begin PBXProject section */
		04C4B8282911587A00551892 /* Project object */ = {
			isa = PBXProject;
			attributes = {
				BuildIndependentTargetsInParallel = 1;
				LastSwiftUpdateCheck = 1400;
				LastUpgradeCheck = 1400;
				TargetAttributes = {
					04C4B82F2911587A00551892 = {
						CreatedOnToolsVersion = 14.0.1;
					};
				};
			};
			buildConfigurationList = 04C4B82B2911587A00551892 /* Build configuration list for PBXProject "HW_Networking" */;
			compatibilityVersion = "Xcode 13.0";
			developmentRegion = en;
			hasScannedForEncodings = 0;
			knownRegions = (
				en,
				Base,
			);
			mainGroup = 04C4B8272911587A00551892;
			packageReferences = (
				04C4B8642914271600551892 /* XCRemoteSwiftPackageReference "Alamofire" */,
				040AE3B929145ED400FE2C7E /* XCRemoteSwiftPackageReference "SDWebImage" */,
			);
			productRefGroup = 04C4B8312911587A00551892 /* Products */;
			projectDirPath = "";
			projectRoot = "";
			targets = (
				04C4B82F2911587A00551892 /* HW_Networking */,
			);
		};
/* End PBXProject section */

/* Begin PBXResourcesBuildPhase section */
		04C4B82E2911587A00551892 /* Resources */ = {
			isa = PBXResourcesBuildPhase;
			buildActionMask = 2147483647;
			files = (
				04C4B8402911587C00551892 /* LaunchScreen.storyboard in Resources */,
				04C4B83D2911587C00551892 /* Assets.xcassets in Resources */,
				04C4B83B2911587A00551892 /* Main.storyboard in Resources */,
			);
			runOnlyForDeploymentPostprocessing = 0;
		};
/* End PBXResourcesBuildPhase section */

/* Begin PBXSourcesBuildPhase section */
		04C4B82C2911587A00551892 /* Sources */ = {
			isa = PBXSourcesBuildPhase;
			buildActionMask = 2147483647;
			files = (
				049256682914073B00B8CA59 /* NutritionDetailsViewModel.swift in Sources */,
				04C4B85429115F9000551892 /* Method.swift in Sources */,
				04925666291406E300B8CA59 /* RecipeViewModel.swift in Sources */,
				041B06632918D84100B692DC /* RecipeTableViewCell.swift in Sources */,
				04C4B84829115BDF00551892 /* NetworkRequestBodyConvertible.swift in Sources */,
				04C4B8382911587A00551892 /* ViewController.swift in Sources */,
				04C4B85A291161B300551892 /* AlamoNetwork.swift in Sources */,
				0492565A291403CE00B8CA59 /* GetInfoModel.swift in Sources */,
				049256602914068300B8CA59 /* HomeScreenViewModel.swift in Sources */,
				04C4B85E2911620B00551892 /* RecipesEndpoint.swift in Sources */,
				04925664291406D400B8CA59 /* RecipeViewController.swift in Sources */,
				042E401D29196471003EF365 /* UIViewControllerExtension.swift in Sources */,
				04925656291401DD00B8CA59 /* GuessModel.swift in Sources */,
				040AE3C329147F3000FE2C7E /* CuisineClassificationParams.swift in Sources */,
				04C4B8342911587A00551892 /* AppDelegate.swift in Sources */,
				04C4B8362911587A00551892 /* SceneDelegate.swift in Sources */,
				0492566A2914074700B8CA59 /* NutritionDetailsViewController.swift in Sources */,
				041B06662918D8C800B692DC /* SearchErrorPresenter.swift in Sources */,
				041B06612918CD8900B692DC /* NutritionGuessParams.swift in Sources */,
				04C4B858291161A100551892 /* Network.swift in Sources */,
				04C4B85229115F6300551892 /* Result.swift in Sources */,
				049256582914026D00B8CA59 /* SearchModel.swift in Sources */,
				04C4B85629115FBC00551892 /* NetworkError.swift in Sources */,
				04C4B86A2914501000551892 /* RecipeSearchParams.swift in Sources */,
				0492565C291404CD00B8CA59 /* CuisineModel.swift in Sources */,
				04C4B84B29115BFD00551892 /* Endpoint.swift in Sources */,
				040AE3BE291461B800FE2C7E /* ArrayExtension.swift in Sources */,
			);
			runOnlyForDeploymentPostprocessing = 0;
		};
/* End PBXSourcesBuildPhase section */

/* Begin PBXVariantGroup section */
		04C4B8392911587A00551892 /* Main.storyboard */ = {
			isa = PBXVariantGroup;
			children = (
				04C4B83A2911587A00551892 /* Base */,
			);
			name = Main.storyboard;
			sourceTree = "<group>";
		};
		04C4B83E2911587C00551892 /* LaunchScreen.storyboard */ = {
			isa = PBXVariantGroup;
			children = (
				04C4B83F2911587C00551892 /* Base */,
			);
			name = LaunchScreen.storyboard;
			sourceTree = "<group>";
		};
/* End PBXVariantGroup section */

/* Begin XCBuildConfiguration section */
		04C4B8422911587C00551892 /* Debug */ = {
			isa = XCBuildConfiguration;
			buildSettings = {
				ALWAYS_SEARCH_USER_PATHS = NO;
				CLANG_ANALYZER_NONNULL = YES;
				CLANG_ANALYZER_NUMBER_OBJECT_CONVERSION = YES_AGGRESSIVE;
				CLANG_CXX_LANGUAGE_STANDARD = "gnu++20";
				CLANG_ENABLE_MODULES = YES;
				CLANG_ENABLE_OBJC_ARC = YES;
				CLANG_ENABLE_OBJC_WEAK = YES;
				CLANG_WARN_BLOCK_CAPTURE_AUTORELEASING = YES;
				CLANG_WARN_BOOL_CONVERSION = YES;
				CLANG_WARN_COMMA = YES;
				CLANG_WARN_CONSTANT_CONVERSION = YES;
				CLANG_WARN_DEPRECATED_OBJC_IMPLEMENTATIONS = YES;
				CLANG_WARN_DIRECT_OBJC_ISA_USAGE = YES_ERROR;
				CLANG_WARN_DOCUMENTATION_COMMENTS = YES;
				CLANG_WARN_EMPTY_BODY = YES;
				CLANG_WARN_ENUM_CONVERSION = YES;
				CLANG_WARN_INFINITE_RECURSION = YES;
				CLANG_WARN_INT_CONVERSION = YES;
				CLANG_WARN_NON_LITERAL_NULL_CONVERSION = YES;
				CLANG_WARN_OBJC_IMPLICIT_RETAIN_SELF = YES;
				CLANG_WARN_OBJC_LITERAL_CONVERSION = YES;
				CLANG_WARN_OBJC_ROOT_CLASS = YES_ERROR;
				CLANG_WARN_QUOTED_INCLUDE_IN_FRAMEWORK_HEADER = YES;
				CLANG_WARN_RANGE_LOOP_ANALYSIS = YES;
				CLANG_WARN_STRICT_PROTOTYPES = YES;
				CLANG_WARN_SUSPICIOUS_MOVE = YES;
				CLANG_WARN_UNGUARDED_AVAILABILITY = YES_AGGRESSIVE;
				CLANG_WARN_UNREACHABLE_CODE = YES;
				CLANG_WARN__DUPLICATE_METHOD_MATCH = YES;
				COPY_PHASE_STRIP = NO;
				DEBUG_INFORMATION_FORMAT = dwarf;
				ENABLE_STRICT_OBJC_MSGSEND = YES;
				ENABLE_TESTABILITY = YES;
				GCC_C_LANGUAGE_STANDARD = gnu11;
				GCC_DYNAMIC_NO_PIC = NO;
				GCC_NO_COMMON_BLOCKS = YES;
				GCC_OPTIMIZATION_LEVEL = 0;
				GCC_PREPROCESSOR_DEFINITIONS = (
					"DEBUG=1",
					"$(inherited)",
				);
				GCC_WARN_64_TO_32_BIT_CONVERSION = YES;
				GCC_WARN_ABOUT_RETURN_TYPE = YES_ERROR;
				GCC_WARN_UNDECLARED_SELECTOR = YES;
				GCC_WARN_UNINITIALIZED_AUTOS = YES_AGGRESSIVE;
				GCC_WARN_UNUSED_FUNCTION = YES;
				GCC_WARN_UNUSED_VARIABLE = YES;
				IPHONEOS_DEPLOYMENT_TARGET = 15.0;
				MTL_ENABLE_DEBUG_INFO = INCLUDE_SOURCE;
				MTL_FAST_MATH = YES;
				ONLY_ACTIVE_ARCH = YES;
				SDKROOT = iphoneos;
				SWIFT_ACTIVE_COMPILATION_CONDITIONS = DEBUG;
				SWIFT_OPTIMIZATION_LEVEL = "-Onone";
			};
			name = Debug;
		};
		04C4B8432911587C00551892 /* Release */ = {
			isa = XCBuildConfiguration;
			buildSettings = {
				ALWAYS_SEARCH_USER_PATHS = NO;
				CLANG_ANALYZER_NONNULL = YES;
				CLANG_ANALYZER_NUMBER_OBJECT_CONVERSION = YES_AGGRESSIVE;
				CLANG_CXX_LANGUAGE_STANDARD = "gnu++20";
				CLANG_ENABLE_MODULES = YES;
				CLANG_ENABLE_OBJC_ARC = YES;
				CLANG_ENABLE_OBJC_WEAK = YES;
				CLANG_WARN_BLOCK_CAPTURE_AUTORELEASING = YES;
				CLANG_WARN_BOOL_CONVERSION = YES;
				CLANG_WARN_COMMA = YES;
				CLANG_WARN_CONSTANT_CONVERSION = YES;
				CLANG_WARN_DEPRECATED_OBJC_IMPLEMENTATIONS = YES;
				CLANG_WARN_DIRECT_OBJC_ISA_USAGE = YES_ERROR;
				CLANG_WARN_DOCUMENTATION_COMMENTS = YES;
				CLANG_WARN_EMPTY_BODY = YES;
				CLANG_WARN_ENUM_CONVERSION = YES;
				CLANG_WARN_INFINITE_RECURSION = YES;
				CLANG_WARN_INT_CONVERSION = YES;
				CLANG_WARN_NON_LITERAL_NULL_CONVERSION = YES;
				CLANG_WARN_OBJC_IMPLICIT_RETAIN_SELF = YES;
				CLANG_WARN_OBJC_LITERAL_CONVERSION = YES;
				CLANG_WARN_OBJC_ROOT_CLASS = YES_ERROR;
				CLANG_WARN_QUOTED_INCLUDE_IN_FRAMEWORK_HEADER = YES;
				CLANG_WARN_RANGE_LOOP_ANALYSIS = YES;
				CLANG_WARN_STRICT_PROTOTYPES = YES;
				CLANG_WARN_SUSPICIOUS_MOVE = YES;
				CLANG_WARN_UNGUARDED_AVAILABILITY = YES_AGGRESSIVE;
				CLANG_WARN_UNREACHABLE_CODE = YES;
				CLANG_WARN__DUPLICATE_METHOD_MATCH = YES;
				COPY_PHASE_STRIP = NO;
				DEBUG_INFORMATION_FORMAT = "dwarf-with-dsym";
				ENABLE_NS_ASSERTIONS = NO;
				ENABLE_STRICT_OBJC_MSGSEND = YES;
				GCC_C_LANGUAGE_STANDARD = gnu11;
				GCC_NO_COMMON_BLOCKS = YES;
				GCC_WARN_64_TO_32_BIT_CONVERSION = YES;
				GCC_WARN_ABOUT_RETURN_TYPE = YES_ERROR;
				GCC_WARN_UNDECLARED_SELECTOR = YES;
				GCC_WARN_UNINITIALIZED_AUTOS = YES_AGGRESSIVE;
				GCC_WARN_UNUSED_FUNCTION = YES;
				GCC_WARN_UNUSED_VARIABLE = YES;
				IPHONEOS_DEPLOYMENT_TARGET = 15.0;
				MTL_ENABLE_DEBUG_INFO = NO;
				MTL_FAST_MATH = YES;
				SDKROOT = iphoneos;
				SWIFT_COMPILATION_MODE = wholemodule;
				SWIFT_OPTIMIZATION_LEVEL = "-O";
				VALIDATE_PRODUCT = YES;
			};
			name = Release;
		};
		04C4B8452911587C00551892 /* Debug */ = {
			isa = XCBuildConfiguration;
			buildSettings = {
				ASSETCATALOG_COMPILER_APPICON_NAME = AppIcon;
				ASSETCATALOG_COMPILER_GLOBAL_ACCENT_COLOR_NAME = AccentColor;
				CODE_SIGN_STYLE = Automatic;
				CURRENT_PROJECT_VERSION = 1;
				DEVELOPMENT_TEAM = "";
				GENERATE_INFOPLIST_FILE = YES;
				INFOPLIST_FILE = HW_Networking/Info.plist;
				INFOPLIST_KEY_UIApplicationSupportsIndirectInputEvents = YES;
				INFOPLIST_KEY_UILaunchStoryboardName = LaunchScreen;
				INFOPLIST_KEY_UIMainStoryboardFile = Main;
				INFOPLIST_KEY_UISupportedInterfaceOrientations = UIInterfaceOrientationPortrait;
				IPHONEOS_DEPLOYMENT_TARGET = 15.0;
				LD_RUNPATH_SEARCH_PATHS = (
					"$(inherited)",
					"@executable_path/Frameworks",
				);
				MARKETING_VERSION = 1.0;
				PRODUCT_BUNDLE_IDENTIFIER = "ua.edu.ukma.zubrytska.HW-Networking";
				PRODUCT_NAME = "$(TARGET_NAME)";
				SWIFT_EMIT_LOC_STRINGS = YES;
				SWIFT_VERSION = 5.0;
				TARGETED_DEVICE_FAMILY = "1,2";
			};
			name = Debug;
		};
		04C4B8462911587C00551892 /* Release */ = {
			isa = XCBuildConfiguration;
			buildSettings = {
				ASSETCATALOG_COMPILER_APPICON_NAME = AppIcon;
				ASSETCATALOG_COMPILER_GLOBAL_ACCENT_COLOR_NAME = AccentColor;
				CODE_SIGN_STYLE = Automatic;
				CURRENT_PROJECT_VERSION = 1;
				DEVELOPMENT_TEAM = "";
				GENERATE_INFOPLIST_FILE = YES;
				INFOPLIST_FILE = HW_Networking/Info.plist;
				INFOPLIST_KEY_UIApplicationSupportsIndirectInputEvents = YES;
				INFOPLIST_KEY_UILaunchStoryboardName = LaunchScreen;
				INFOPLIST_KEY_UIMainStoryboardFile = Main;
				INFOPLIST_KEY_UISupportedInterfaceOrientations = UIInterfaceOrientationPortrait;
				IPHONEOS_DEPLOYMENT_TARGET = 15.0;
				LD_RUNPATH_SEARCH_PATHS = (
					"$(inherited)",
					"@executable_path/Frameworks",
				);
				MARKETING_VERSION = 1.0;
				PRODUCT_BUNDLE_IDENTIFIER = "ua.edu.ukma.zubrytska.HW-Networking";
				PRODUCT_NAME = "$(TARGET_NAME)";
				SWIFT_EMIT_LOC_STRINGS = YES;
				SWIFT_VERSION = 5.0;
				TARGETED_DEVICE_FAMILY = "1,2";
			};
			name = Release;
		};
/* End XCBuildConfiguration section */

/* Begin XCConfigurationList section */
		04C4B82B2911587A00551892 /* Build configuration list for PBXProject "HW_Networking" */ = {
			isa = XCConfigurationList;
			buildConfigurations = (
				04C4B8422911587C00551892 /* Debug */,
				04C4B8432911587C00551892 /* Release */,
			);
			defaultConfigurationIsVisible = 0;
			defaultConfigurationName = Release;
		};
		04C4B8442911587C00551892 /* Build configuration list for PBXNativeTarget "HW_Networking" */ = {
			isa = XCConfigurationList;
			buildConfigurations = (
				04C4B8452911587C00551892 /* Debug */,
				04C4B8462911587C00551892 /* Release */,
			);
			defaultConfigurationIsVisible = 0;
			defaultConfigurationName = Release;
		};
/* End XCConfigurationList section */

/* Begin XCRemoteSwiftPackageReference section */
		040AE3B929145ED400FE2C7E /* XCRemoteSwiftPackageReference "SDWebImage" */ = {
			isa = XCRemoteSwiftPackageReference;
			repositoryURL = "https://github.com/SDWebImage/SDWebImage";
			requirement = {
				kind = upToNextMajorVersion;
				minimumVersion = 5.0.0;
			};
		};
		04C4B8642914271600551892 /* XCRemoteSwiftPackageReference "Alamofire" */ = {
			isa = XCRemoteSwiftPackageReference;
			repositoryURL = "https://github.com/Alamofire/Alamofire";
			requirement = {
				branch = master;
				kind = branch;
			};
		};
/* End XCRemoteSwiftPackageReference section */

/* Begin XCSwiftPackageProductDependency section */
		040AE3BA29145ED400FE2C7E /* SDWebImage */ = {
			isa = XCSwiftPackageProductDependency;
			package = 040AE3B929145ED400FE2C7E /* XCRemoteSwiftPackageReference "SDWebImage" */;
			productName = SDWebImage;
		};
		04C4B8652914271600551892 /* Alamofire */ = {
			isa = XCSwiftPackageProductDependency;
			package = 04C4B8642914271600551892 /* XCRemoteSwiftPackageReference "Alamofire" */;
			productName = Alamofire;
		};
/* End XCSwiftPackageProductDependency section */
	};
	rootObject = 04C4B8282911587A00551892 /* Project object */;
}
